
Microsoft Visual Studio Solution File, Format Version 12.00
# Visual Studio Version 17
VisualStudioVersion = 17.5.33530.505
MinimumVisualStudioVersion = 10.0.40219.1
Project("{9A19103F-16F7-4668-BE54-9A1E7A4F7556}") = "CalcMar", "CalcMar\CalcMar.csproj", "{DAE90DA5-B9E3-4E95-B727-982D76ABF1A1}"
EndProject
Project("{2150E333-8FDC-42A3-9474-1A3956D46DE8}") = "Элементы решения", "Элементы решения", "{AE3ACBBD-2266-4049-912A-5EE83E655367}"
	ProjectSection(SolutionItems) = preProject
		..\..\..\OneDrive\Рабочий стол\t\ds emoji\pepe\pepe_toilet.png = ..\..\..\OneDrive\Рабочий стол\t\ds emoji\pepe\pepe_toilet.png
	EndProjectSection
EndProject
Global
	GlobalSection(SolutionConfigurationPlatforms) = preSolution
		Debug|Any CPU = Debug|Any CPU
		Release|Any CPU = Release|Any CPU
	EndGlobalSection
	GlobalSection(ProjectConfigurationPlatforms) = postSolution
		{DAE90DA5-B9E3-4E95-B727-982D76ABF1A1}.Debug|Any CPU.ActiveCfg = Debug|Any CPU
		{DAE90DA5-B9E3-4E95-B727-982D76ABF1A1}.Debug|Any CPU.Build.0 = Debug|Any CPU
		{DAE90DA5-B9E3-4E95-B727-982D76ABF1A1}.Release|Any CPU.ActiveCfg = Release|Any CPU
		{DAE90DA5-B9E3-4E95-B727-982D76ABF1A1}.Release|Any CPU.Build.0 = Release|Any CPU
	EndGlobalSection
	GlobalSection(SolutionProperties) = preSolution
		HideSolutionNode = FALSE
	EndGlobalSection
	GlobalSection(ExtensibilityGlobals) = postSolution
		SolutionGuid = {7AB213D7-F2E3-49AB-8C2A-5F902900E52E}
	EndGlobalSection
EndGlobal
